
Microsoft Visual Studio Solution File, Format Version 12.00
# Visual Studio Version 16
VisualStudioVersion = 16.0.33529.622
MinimumVisualStudioVersion = 10.0.40219.1
Project("{FAE04EC0-301F-11D3-BF4B-00C04F79EFBC}") = "ProyectoFinal", "ProyectoFinal\ProyectoFinal.csproj", "{2A3F7390-5298-4E48-ACD8-E346DFFBA3D6}"
EndProject
Global
	GlobalSection(SolutionConfigurationPlatforms) = preSolution
		Debug|Any CPU = Debug|Any CPU
		Release|Any CPU = Release|Any CPU
	EndGlobalSection
	GlobalSection(ProjectConfigurationPlatforms) = postSolution
		{2A3F7390-5298-4E48-ACD8-E346DFFBA3D6}.Debug|Any CPU.ActiveCfg = Debug|Any CPU
		{2A3F7390-5298-4E48-ACD8-E346DFFBA3D6}.Debug|Any CPU.Build.0 = Debug|Any CPU
		{2A3F7390-5298-4E48-ACD8-E346DFFBA3D6}.Release|Any CPU.ActiveCfg = Release|Any CPU
		{2A3F7390-5298-4E48-ACD8-E346DFFBA3D6}.Release|Any CPU.Build.0 = Release|Any CPU
	EndGlobalSection
	GlobalSection(SolutionProperties) = preSolution
		HideSolutionNode = FALSE
	EndGlobalSection
	GlobalSection(ExtensibilityGlobals) = postSolution
		SolutionGuid = {CF005990-3CA4-4C87-9416-2EBEDDBA1361}
	EndGlobalSection
EndGlobal
